
Microsoft Visual Studio Solution File, Format Version 12.00
# Visual Studio 14
VisualStudioVersion = 14.0.25420.1
MinimumVisualStudioVersion = 10.0.40219.1
Project("{8BC9CEB8-8B4A-11D0-8D11-00A0C91BC942}") = "ISVideoClient", "ISVideoClient\ISVideoClient.vcxproj", "{8FB23ED8-CC12-491E-B95B-80CA6EACEEAF}"
	ProjectSection(ProjectDependencies) = postProject
		{3013C140-DDFC-4BF4-9091-0C4131A0D2A6} = {3013C140-DDFC-4BF4-9091-0C4131A0D2A6}
		{E106ACD7-4E53-4AEE-942B-D0DD426DB34E} = {E106ACD7-4E53-4AEE-942B-D0DD426DB34E}
	EndProjectSection
EndProject
Project("{8BC9CEB8-8B4A-11D0-8D11-00A0C91BC942}") = "DuiLib", "DuiLib\DuiLib.vcxproj", "{E106ACD7-4E53-4AEE-942B-D0DD426DB34E}"
EndProject
Project("{8BC9CEB8-8B4A-11D0-8D11-00A0C91BC942}") = "video", "video\video.vcxproj", "{3013C140-DDFC-4BF4-9091-0C4131A0D2A6}"
EndProject
Global
	GlobalSection(SolutionConfigurationPlatforms) = preSolution
		Debug|x64 = Debug|x64
		Debug|x86 = Debug|x86
		DebugA|x64 = DebugA|x64
		DebugA|x86 = DebugA|x86
		Release|x64 = Release|x64
		Release|x86 = Release|x86
		ReleaseA|x64 = ReleaseA|x64
		ReleaseA|x86 = ReleaseA|x86
		SDebug|x64 = SDebug|x64
		SDebug|x86 = SDebug|x86
		SDebugA|x64 = SDebugA|x64
		SDebugA|x86 = SDebugA|x86
		SRelease|x64 = SRelease|x64
		SRelease|x86 = SRelease|x86
		SReleaseA|x64 = SReleaseA|x64
		SReleaseA|x86 = SReleaseA|x86
	EndGlobalSection
	GlobalSection(ProjectConfigurationPlatforms) = postSolution
		{8FB23ED8-CC12-491E-B95B-80CA6EACEEAF}.Debug|x64.ActiveCfg = Debug|x64
		{8FB23ED8-CC12-491E-B95B-80CA6EACEEAF}.Debug|x64.Build.0 = Debug|x64
		{8FB23ED8-CC12-491E-B95B-80CA6EACEEAF}.Debug|x86.ActiveCfg = Debug|Win32
		{8FB23ED8-CC12-491E-B95B-80CA6EACEEAF}.Debug|x86.Build.0 = Debug|Win32
		{8FB23ED8-CC12-491E-B95B-80CA6EACEEAF}.DebugA|x64.ActiveCfg = Debug|x64
		{8FB23ED8-CC12-491E-B95B-80CA6EACEEAF}.DebugA|x64.Build.0 = Debug|x64
		{8FB23ED8-CC12-491E-B95B-80CA6EACEEAF}.DebugA|x86.ActiveCfg = Debug|Win32
		{8FB23ED8-CC12-491E-B95B-80CA6EACEEAF}.DebugA|x86.Build.0 = Debug|Win32
		{8FB23ED8-CC12-491E-B95B-80CA6EACEEAF}.Release|x64.ActiveCfg = Release|x64
		{8FB23ED8-CC12-491E-B95B-80CA6EACEEAF}.Release|x64.Build.0 = Release|x64
		{8FB23ED8-CC12-491E-B95B-80CA6EACEEAF}.Release|x86.ActiveCfg = Release|Win32
		{8FB23ED8-CC12-491E-B95B-80CA6EACEEAF}.Release|x86.Build.0 = Release|Win32
		{8FB23ED8-CC12-491E-B95B-80CA6EACEEAF}.ReleaseA|x64.ActiveCfg = Release|x64
		{8FB23ED8-CC12-491E-B95B-80CA6EACEEAF}.ReleaseA|x64.Build.0 = Release|x64
		{8FB23ED8-CC12-491E-B95B-80CA6EACEEAF}.ReleaseA|x86.ActiveCfg = Release|Win32
		{8FB23ED8-CC12-491E-B95B-80CA6EACEEAF}.ReleaseA|x86.Build.0 = Release|Win32
		{8FB23ED8-CC12-491E-B95B-80CA6EACEEAF}.SDebug|x64.ActiveCfg = Debug|x64
		{8FB23ED8-CC12-491E-B95B-80CA6EACEEAF}.SDebug|x64.Build.0 = Debug|x64
		{8FB23ED8-CC12-491E-B95B-80CA6EACEEAF}.SDebug|x86.ActiveCfg = Debug|Win32
		{8FB23ED8-CC12-491E-B95B-80CA6EACEEAF}.SDebug|x86.Build.0 = Debug|Win32
		{8FB23ED8-CC12-491E-B95B-80CA6EACEEAF}.SDebugA|x64.ActiveCfg = Debug|x64
		{8FB23ED8-CC12-491E-B95B-80CA6EACEEAF}.SDebugA|x64.Build.0 = Debug|x64
		{8FB23ED8-CC12-491E-B95B-80CA6EACEEAF}.SDebugA|x86.ActiveCfg = Debug|Win32
		{8FB23ED8-CC12-491E-B95B-80CA6EACEEAF}.SDebugA|x86.Build.0 = Debug|Win32
		{8FB23ED8-CC12-491E-B95B-80CA6EACEEAF}.SRelease|x64.ActiveCfg = Release|x64
		{8FB23ED8-CC12-491E-B95B-80CA6EACEEAF}.SRelease|x64.Build.0 = Release|x64
		{8FB23ED8-CC12-491E-B95B-80CA6EACEEAF}.SRelease|x86.ActiveCfg = Release|Win32
		{8FB23ED8-CC12-491E-B95B-80CA6EACEEAF}.SRelease|x86.Build.0 = Release|Win32
		{8FB23ED8-CC12-491E-B95B-80CA6EACEEAF}.SReleaseA|x64.ActiveCfg = Release|x64
		{8FB23ED8-CC12-491E-B95B-80CA6EACEEAF}.SReleaseA|x64.Build.0 = Release|x64
		{8FB23ED8-CC12-491E-B95B-80CA6EACEEAF}.SReleaseA|x86.ActiveCfg = Release|Win32
		{8FB23ED8-CC12-491E-B95B-80CA6EACEEAF}.SReleaseA|x86.Build.0 = Release|Win32
		{E106ACD7-4E53-4AEE-942B-D0DD426DB34E}.Debug|x64.ActiveCfg = Debug|x64
		{E106ACD7-4E53-4AEE-942B-D0DD426DB34E}.Debug|x64.Build.0 = Debug|x64
		{E106ACD7-4E53-4AEE-942B-D0DD426DB34E}.Debug|x86.ActiveCfg = Debug|Win32
		{E106ACD7-4E53-4AEE-942B-D0DD426DB34E}.Debug|x86.Build.0 = Debug|Win32
		{E106ACD7-4E53-4AEE-942B-D0DD426DB34E}.DebugA|x64.ActiveCfg = DebugA|x64
		{E106ACD7-4E53-4AEE-942B-D0DD426DB34E}.DebugA|x64.Build.0 = DebugA|x64
		{E106ACD7-4E53-4AEE-942B-D0DD426DB34E}.DebugA|x86.ActiveCfg = DebugA|Win32
		{E106ACD7-4E53-4AEE-942B-D0DD426DB34E}.DebugA|x86.Build.0 = DebugA|Win32
		{E106ACD7-4E53-4AEE-942B-D0DD426DB34E}.Release|x64.ActiveCfg = Release|x64
		{E106ACD7-4E53-4AEE-942B-D0DD426DB34E}.Release|x64.Build.0 = Release|x64
		{E106ACD7-4E53-4AEE-942B-D0DD426DB34E}.Release|x86.ActiveCfg = Release|Win32
		{E106ACD7-4E53-4AEE-942B-D0DD426DB34E}.Release|x86.Build.0 = Release|Win32
		{E106ACD7-4E53-4AEE-942B-D0DD426DB34E}.ReleaseA|x64.ActiveCfg = ReleaseA|x64
		{E106ACD7-4E53-4AEE-942B-D0DD426DB34E}.ReleaseA|x64.Build.0 = ReleaseA|x64
		{E106ACD7-4E53-4AEE-942B-D0DD426DB34E}.ReleaseA|x86.ActiveCfg = ReleaseA|Win32
		{E106ACD7-4E53-4AEE-942B-D0DD426DB34E}.ReleaseA|x86.Build.0 = ReleaseA|Win32
		{E106ACD7-4E53-4AEE-942B-D0DD426DB34E}.SDebug|x64.ActiveCfg = SDebug|x64
		{E106ACD7-4E53-4AEE-942B-D0DD426DB34E}.SDebug|x64.Build.0 = SDebug|x64
		{E106ACD7-4E53-4AEE-942B-D0DD426DB34E}.SDebug|x86.ActiveCfg = SDebug|Win32
		{E106ACD7-4E53-4AEE-942B-D0DD426DB34E}.SDebug|x86.Build.0 = SDebug|Win32
		{E106ACD7-4E53-4AEE-942B-D0DD426DB34E}.SDebugA|x64.ActiveCfg = SDebugA|x64
		{E106ACD7-4E53-4AEE-942B-D0DD426DB34E}.SDebugA|x64.Build.0 = SDebugA|x64
		{E106ACD7-4E53-4AEE-942B-D0DD426DB34E}.SDebugA|x86.ActiveCfg = SDebugA|Win32
		{E106ACD7-4E53-4AEE-942B-D0DD426DB34E}.SDebugA|x86.Build.0 = SDebugA|Win32
		{E106ACD7-4E53-4AEE-942B-D0DD426DB34E}.SRelease|x64.ActiveCfg = SRelease|x64
		{E106ACD7-4E53-4AEE-942B-D0DD426DB34E}.SRelease|x64.Build.0 = SRelease|x64
		{E106ACD7-4E53-4AEE-942B-D0DD426DB34E}.SRelease|x86.ActiveCfg = SRelease|Win32
		{E106ACD7-4E53-4AEE-942B-D0DD426DB34E}.SRelease|x86.Build.0 = SRelease|Win32
		{E106ACD7-4E53-4AEE-942B-D0DD426DB34E}.SReleaseA|x64.ActiveCfg = SReleaseA|x64
		{E106ACD7-4E53-4AEE-942B-D0DD426DB34E}.SReleaseA|x64.Build.0 = SReleaseA|x64
		{E106ACD7-4E53-4AEE-942B-D0DD426DB34E}.SReleaseA|x86.ActiveCfg = SReleaseA|Win32
		{E106ACD7-4E53-4AEE-942B-D0DD426DB34E}.SReleaseA|x86.Build.0 = SReleaseA|Win32
		{3013C140-DDFC-4BF4-9091-0C4131A0D2A6}.Debug|x64.ActiveCfg = Debug|x64
		{3013C140-DDFC-4BF4-9091-0C4131A0D2A6}.Debug|x64.Build.0 = Debug|x64
		{3013C140-DDFC-4BF4-9091-0C4131A0D2A6}.Debug|x86.ActiveCfg = Debug|Win32
		{3013C140-DDFC-4BF4-9091-0C4131A0D2A6}.Debug|x86.Build.0 = Debug|Win32
		{3013C140-DDFC-4BF4-9091-0C4131A0D2A6}.DebugA|x64.ActiveCfg = Debug|x64
		{3013C140-DDFC-4BF4-9091-0C4131A0D2A6}.DebugA|x64.Build.0 = Debug|x64
		{3013C140-DDFC-4BF4-9091-0C4131A0D2A6}.DebugA|x86.ActiveCfg = Debug|Win32
		{3013C140-DDFC-4BF4-9091-0C4131A0D2A6}.DebugA|x86.Build.0 = Debug|Win32
		{3013C140-DDFC-4BF4-9091-0C4131A0D2A6}.Release|x64.ActiveCfg = Release|x64
		{3013C140-DDFC-4BF4-9091-0C4131A0D2A6}.Release|x64.Build.0 = Release|x64
		{3013C140-DDFC-4BF4-9091-0C4131A0D2A6}.Release|x86.ActiveCfg = Release|Win32
		{3013C140-DDFC-4BF4-9091-0C4131A0D2A6}.Release|x86.Build.0 = Release|Win32
		{3013C140-DDFC-4BF4-9091-0C4131A0D2A6}.ReleaseA|x64.ActiveCfg = Release|x64
		{3013C140-DDFC-4BF4-9091-0C4131A0D2A6}.ReleaseA|x64.Build.0 = Release|x64
		{3013C140-DDFC-4BF4-9091-0C4131A0D2A6}.ReleaseA|x86.ActiveCfg = Release|Win32
		{3013C140-DDFC-4BF4-9091-0C4131A0D2A6}.ReleaseA|x86.Build.0 = Release|Win32
		{3013C140-DDFC-4BF4-9091-0C4131A0D2A6}.SDebug|x64.ActiveCfg = Debug|x64
		{3013C140-DDFC-4BF4-9091-0C4131A0D2A6}.SDebug|x64.Build.0 = Debug|x64
		{3013C140-DDFC-4BF4-9091-0C4131A0D2A6}.SDebug|x86.ActiveCfg = Debug|Win32
		{3013C140-DDFC-4BF4-9091-0C4131A0D2A6}.SDebug|x86.Build.0 = Debug|Win32
		{3013C140-DDFC-4BF4-9091-0C4131A0D2A6}.SDebugA|x64.ActiveCfg = Debug|x64
		{3013C140-DDFC-4BF4-9091-0C4131A0D2A6}.SDebugA|x64.Build.0 = Debug|x64
		{3013C140-DDFC-4BF4-9091-0C4131A0D2A6}.SDebugA|x86.ActiveCfg = Debug|Win32
		{3013C140-DDFC-4BF4-9091-0C4131A0D2A6}.SDebugA|x86.Build.0 = Debug|Win32
		{3013C140-DDFC-4BF4-9091-0C4131A0D2A6}.SRelease|x64.ActiveCfg = Release|x64
		{3013C140-DDFC-4BF4-9091-0C4131A0D2A6}.SRelease|x64.Build.0 = Release|x64
		{3013C140-DDFC-4BF4-9091-0C4131A0D2A6}.SRelease|x86.ActiveCfg = Release|Win32
		{3013C140-DDFC-4BF4-9091-0C4131A0D2A6}.SRelease|x86.Build.0 = Release|Win32
		{3013C140-DDFC-4BF4-9091-0C4131A0D2A6}.SReleaseA|x64.ActiveCfg = Release|x64
		{3013C140-DDFC-4BF4-9091-0C4131A0D2A6}.SReleaseA|x64.Build.0 = Release|x64
		{3013C140-DDFC-4BF4-9091-0C4131A0D2A6}.SReleaseA|x86.ActiveCfg = Release|Win32
		{3013C140-DDFC-4BF4-9091-0C4131A0D2A6}.SReleaseA|x86.Build.0 = Release|Win32
	EndGlobalSection
	GlobalSection(SolutionProperties) = preSolution
		HideSolutionNode = FALSE
	EndGlobalSection
EndGlobal
